
Microsoft Visual Studio Solution File, Format Version 10.00
# Visual Studio 2008
Project("{FAE04EC0-301F-11D3-BF4B-00C04F79EFBC}") = "飞信记录管理工具", "QouShuiFetion\飞信记录管理工具.csproj", "{D806D6F8-16D1-49F9-B1B2-D5DCDFB0ED60}"
EndProject
Global
	GlobalSection(SolutionConfigurationPlatforms) = preSolution
		Debug|Any CPU = Debug|Any CPU
		Release|Any CPU = Release|Any CPU
	EndGlobalSection
	GlobalSection(ProjectConfigurationPlatforms) = postSolution
		{D806D6F8-16D1-49F9-B1B2-D5DCDFB0ED60}.Debug|Any CPU.ActiveCfg = Debug|Any CPU
		{D806D6F8-16D1-49F9-B1B2-D5DCDFB0ED60}.Debug|Any CPU.Build.0 = Debug|Any CPU
		{D806D6F8-16D1-49F9-B1B2-D5DCDFB0ED60}.Release|Any CPU.ActiveCfg = Release|Any CPU
		{D806D6F8-16D1-49F9-B1B2-D5DCDFB0ED60}.Release|Any CPU.Build.0 = Release|Any CPU
	EndGlobalSection
	GlobalSection(SolutionProperties) = preSolution
		HideSolutionNode = FALSE
	EndGlobalSection
EndGlobal
