<?xml version="1.0" encoding="utf-8"?>
<Project ToolsVersion="4.0" xmlns="http://schemas.microsoft.com/developer/msbuild/2003">
  <ItemGroup>
    <Filter Include="Source Files">
      <UniqueIdentifier>{4FC737F1-C7A5-4376-A066-2A32D752A2FF}</UniqueIdentifier>
      <Extensions>cpp;cxx;c;def</Extensions>
    </Filter>
    <Filter Include="Header Files">
      <UniqueIdentifier>{93995380-89BD-4b04-88EB-625FBE52EBFB}</UniqueIdentifier>
      <Extensions>h</Extensions>
    </Filter>
    <Filter Include="Form Files">
      <UniqueIdentifier>{99349809-55BA-4b9d-BF79-8FDBB0286EB3}</UniqueIdentifier>
      <Extensions>ui</Extensions>
    </Filter>
    <Filter Include="Resource Files">
      <UniqueIdentifier>{D9D6E242-F8AF-46E4-B9FD-80ECBC20BA3E}</UniqueIdentifier>
      <Extensions>qrc;*</Extensions>
      <ParseFiles>false</ParseFiles>
    </Filter>
    <Filter Include="Generated Files">
      <UniqueIdentifier>{71ED8ED8-ACB9-4CE9-BBE1-E00B30144E11}</UniqueIdentifier>
      <Extensions>moc;h;cpp</Extensions>
      <SourceControlFiles>False</SourceControlFiles>
    </Filter>
    <Filter Include="Generated Files\Debug">
      <UniqueIdentifier>{faabb1bb-132e-4ea0-a6bd-c3962e962b9e}</UniqueIdentifier>
      <Extensions>cpp;moc</Extensions>
      <SourceControlFiles>False</SourceControlFiles>
    </Filter>
    <Filter Include="Generated Files\Release">
      <UniqueIdentifier>{7dd1f7a7-4cfa-429b-96f0-90a98b14c7d7}</UniqueIdentifier>
      <Extensions>cpp;moc</Extensions>
      <SourceControlFiles>False</SourceControlFiles>
    </Filter>
  </ItemGroup>
  <ItemGroup>
    <ClCompile Include="main.cpp">
      <Filter>Source Files</Filter>
    </ClCompile>
    <ClCompile Include="samegm.cpp">
      <Filter>Source Files</Filter>
    </ClCompile>
    <ClCompile Include="GeneratedFiles\Debug\moc_samegm.cpp">
      <Filter>Generated Files\Debug</Filter>
    </ClCompile>
    <ClCompile Include="GeneratedFiles\Release\moc_samegm.cpp">
      <Filter>Generated Files\Release</Filter>
    </ClCompile>
    <ClCompile Include="GeneratedFiles\qrc_samegm.cpp">
      <Filter>Generated Files</Filter>
    </ClCompile>
    <ClCompile Include="colors.cpp">
      <Filter>Source Files</Filter>
    </ClCompile>
    <ClCompile Include="demoitem.cpp">
      <Filter>Source Files</Filter>
    </ClCompile>
    <ClCompile Include="demoitemanimation.cpp">
      <Filter>Source Files</Filter>
    </ClCompile>
    <ClCompile Include="demoscene.cpp">
      <Filter>Source Files</Filter>
    </ClCompile>
    <ClCompile Include="demotextitem.cpp">
      <Filter>Source Files</Filter>
    </ClCompile>
    <ClCompile Include="dockitem.cpp">
      <Filter>Source Files</Filter>
    </ClCompile>
    <ClCompile Include="examplecontent.cpp">
      <Filter>Source Files</Filter>
    </ClCompile>
    <ClCompile Include="guide.cpp">
      <Filter>Source Files</Filter>
    </ClCompile>
    <ClCompile Include="guidecircle.cpp">
      <Filter>Source Files</Filter>
    </ClCompile>
    <ClCompile Include="guideline.cpp">
      <Filter>Source Files</Filter>
    </ClCompile>
    <ClCompile Include="headingitem.cpp">
      <Filter>Source Files</Filter>
    </ClCompile>
    <ClCompile Include="imageitem.cpp">
      <Filter>Source Files</Filter>
    </ClCompile>
    <ClCompile Include="itemcircleanimation.cpp">
      <Filter>Source Files</Filter>
    </ClCompile>
    <ClCompile Include="letteritem.cpp">
      <Filter>Source Files</Filter>
    </ClCompile>
    <ClCompile Include="mainwindow.cpp">
      <Filter>Source Files</Filter>
    </ClCompile>
    <ClCompile Include="menucontent.cpp">
      <Filter>Source Files</Filter>
    </ClCompile>
    <ClCompile Include="menumanager.cpp">
      <Filter>Source Files</Filter>
    </ClCompile>
    <ClCompile Include="scanitem.cpp">
      <Filter>Source Files</Filter>
    </ClCompile>
    <ClCompile Include="score.cpp">
      <Filter>Source Files</Filter>
    </ClCompile>
    <ClCompile Include="textbutton.cpp">
      <Filter>Source Files</Filter>
    </ClCompile>
    <ClCompile Include="GeneratedFiles\Debug\moc_demoitemanimation.cpp">
      <Filter>Generated Files\Debug</Filter>
    </ClCompile>
    <ClCompile Include="GeneratedFiles\Release\moc_demoitemanimation.cpp">
      <Filter>Generated Files\Release</Filter>
    </ClCompile>
    <ClCompile Include="GeneratedFiles\Release\moc_mainwindow.cpp">
      <Filter>Generated Files\Release</Filter>
    </ClCompile>
    <ClCompile Include="GeneratedFiles\Debug\moc_mainwindow.cpp">
      <Filter>Generated Files\Debug</Filter>
    </ClCompile>
    <ClCompile Include="GeneratedFiles\Release\moc_menumanager.cpp">
      <Filter>Generated Files\Release</Filter>
    </ClCompile>
    <ClCompile Include="GeneratedFiles\Debug\moc_menumanager.cpp">
      <Filter>Generated Files\Debug</Filter>
    </ClCompile>
  </ItemGroup>
  <ItemGroup>
    <CustomBuild Include="samegm.h">
      <Filter>Header Files</Filter>
    </CustomBuild>
    <CustomBuild Include="samegm.ui">
      <Filter>Form Files</Filter>
    </CustomBuild>
    <CustomBuild Include="samegm.qrc">
      <Filter>Resource Files</Filter>
    </CustomBuild>
    <CustomBuild Include="menumanager.h">
      <Filter>Header Files</Filter>
    </CustomBuild>
    <CustomBuild Include="mainwindow.h">
      <Filter>Header Files</Filter>
    </CustomBuild>
    <CustomBuild Include="demoitemanimation.h">
      <Filter>Header Files</Filter>
    </CustomBuild>
  </ItemGroup>
  <ItemGroup>
    <ClInclude Include="GeneratedFiles\ui_samegm.h">
      <Filter>Generated Files</Filter>
    </ClInclude>
    <ClInclude Include="colors.h">
      <Filter>Header Files</Filter>
    </ClInclude>
    <ClInclude Include="demoitem.h">
      <Filter>Header Files</Filter>
    </ClInclude>
    <ClInclude Include="demoscene.h">
      <Filter>Header Files</Filter>
    </ClInclude>
    <ClInclude Include="demotextitem.h">
      <Filter>Header Files</Filter>
    </ClInclude>
    <ClInclude Include="dockitem.h">
      <Filter>Header Files</Filter>
    </ClInclude>
    <ClInclude Include="examplecontent.h">
      <Filter>Header Files</Filter>
    </ClInclude>
    <ClInclude Include="guide.h">
      <Filter>Header Files</Filter>
    </ClInclude>
    <ClInclude Include="guidecircle.h">
      <Filter>Header Files</Filter>
    </ClInclude>
    <ClInclude Include="guideline.h">
      <Filter>Header Files</Filter>
    </ClInclude>
    <ClInclude Include="headingitem.h">
      <Filter>Header Files</Filter>
    </ClInclude>
    <ClInclude Include="imageitem.h">
      <Filter>Header Files</Filter>
    </ClInclude>
    <ClInclude Include="itemcircleanimation.h">
      <Filter>Header Files</Filter>
    </ClInclude>
    <ClInclude Include="letteritem.h">
      <Filter>Header Files</Filter>
    </ClInclude>
    <ClInclude Include="menucontent.h">
      <Filter>Header Files</Filter>
    </ClInclude>
    <ClInclude Include="scanitem.h">
      <Filter>Header Files</Filter>
    </ClInclude>
    <ClInclude Include="score.h">
      <Filter>Header Files</Filter>
    </ClInclude>
    <ClInclude Include="textbutton.h">
      <Filter>Header Files</Filter>
    </ClInclude>
  </ItemGroup>
  <ItemGroup>
    <ResourceCompile Include="qtdemo.rc">
      <Filter>Resource Files</Filter>
    </ResourceCompile>
  </ItemGroup>
</Project>