Microsoft Visual Studio Solution File, Format Version 10.00
# Visual Studio 2008
Project("{8BC9CEB8-8B4A-11D0-8D11-00A0C91BC942}") = "emule", "emule.vcproj", "{584EA69D-3443-4197-8994-364880FC1B9B}"
EndProject
Project("{8BC9CEB8-8B4A-11D0-8D11-00A0C91BC942}") = "id3lib", "..\id3lib3.8.3\libprj\id3lib.vcproj", "{92F0AC7C-E63F-4456-9D4E-9ECF0653622D}"
EndProject
Project("{8BC9CEB8-8B4A-11D0-8D11-00A0C91BC942}") = "cryptlib", "..\cryptopp560\cryptlib.vcproj", "{3423EC9A-52E4-4A4D-9753-EDEBC38785EF}"
EndProject
Project("{8BC9CEB8-8B4A-11D0-8D11-00A0C91BC942}") = "ResizableLib", "..\ResizableLib\ResizableLib.vcproj", "{CB00E729-0EB4-45BE-807D-9654F37B6C98}"
EndProject
Project("{8BC9CEB8-8B4A-11D0-8D11-00A0C91BC942}") = "pnglib", "..\png\pnglib.vcproj", "{F5906333-9A0A-4FE6-B7AA-AA7960C035D3}"
EndProject
Project("{8BC9CEB8-8B4A-11D0-8D11-00A0C91BC942}") = "zlib", "..\zlib\zlib.vcproj", "{350B721F-9E77-4FBE-AEE0-3CBB08E0CD22}"
EndProject
Project("{8BC9CEB8-8B4A-11D0-8D11-00A0C91BC942}") = "CxImage", "CxImage\cximage_vc9.vcproj", "{EF2CE65C-A75B-4CF4-AEB5-41E3E6B85B73}"
EndProject
Global
	GlobalSection(SolutionConfigurationPlatforms) = preSolution
		Beta|Win32 = Beta|Win32
		Debug Static|Win32 = Debug Static|Win32
		Debug|Win32 = Debug|Win32
		DLL-Import Debug|Win32 = DLL-Import Debug|Win32
		DLL-Import Release|Win32 = DLL-Import Release|Win32
		LIB ASM Debug|Win32 = LIB ASM Debug|Win32
		LIB ASM Release|Win32 = LIB ASM Release|Win32
		LIB Debug|Win32 = LIB Debug|Win32
		LIB Release|Win32 = LIB Release|Win32
		NASM Debug|Win32 = NASM Debug|Win32
		NASM Release|Win32 = NASM Release|Win32
		Release Static|Win32 = Release Static|Win32
		Release|Win32 = Release|Win32
	EndGlobalSection
	GlobalSection(ProjectConfigurationPlatforms) = postSolution
		{584EA69D-3443-4197-8994-364880FC1B9B}.Beta|Win32.ActiveCfg = Beta|Win32
		{584EA69D-3443-4197-8994-364880FC1B9B}.Beta|Win32.Build.0 = Beta|Win32
		{584EA69D-3443-4197-8994-364880FC1B9B}.Debug Static|Win32.ActiveCfg = Debug|Win32
		{584EA69D-3443-4197-8994-364880FC1B9B}.Debug Static|Win32.Build.0 = Debug|Win32
		{584EA69D-3443-4197-8994-364880FC1B9B}.Debug|Win32.ActiveCfg = Debug|Win32
		{584EA69D-3443-4197-8994-364880FC1B9B}.Debug|Win32.Build.0 = Debug|Win32
		{584EA69D-3443-4197-8994-364880FC1B9B}.DLL-Import Debug|Win32.ActiveCfg = Debug|Win32
		{584EA69D-3443-4197-8994-364880FC1B9B}.DLL-Import Debug|Win32.Build.0 = Debug|Win32
		{584EA69D-3443-4197-8994-364880FC1B9B}.DLL-Import Release|Win32.ActiveCfg = Release|Win32
		{584EA69D-3443-4197-8994-364880FC1B9B}.DLL-Import Release|Win32.Build.0 = Release|Win32
		{584EA69D-3443-4197-8994-364880FC1B9B}.LIB ASM Debug|Win32.ActiveCfg = Debug|Win32
		{584EA69D-3443-4197-8994-364880FC1B9B}.LIB ASM Debug|Win32.Build.0 = Debug|Win32
		{584EA69D-3443-4197-8994-364880FC1B9B}.LIB ASM Release|Win32.ActiveCfg = Release|Win32
		{584EA69D-3443-4197-8994-364880FC1B9B}.LIB ASM Release|Win32.Build.0 = Release|Win32
		{584EA69D-3443-4197-8994-364880FC1B9B}.LIB Debug|Win32.ActiveCfg = Debug|Win32
		{584EA69D-3443-4197-8994-364880FC1B9B}.LIB Debug|Win32.Build.0 = Debug|Win32
		{584EA69D-3443-4197-8994-364880FC1B9B}.LIB Release|Win32.ActiveCfg = Release|Win32
		{584EA69D-3443-4197-8994-364880FC1B9B}.LIB Release|Win32.Build.0 = Release|Win32
		{584EA69D-3443-4197-8994-364880FC1B9B}.NASM Debug|Win32.ActiveCfg = Debug|Win32
		{584EA69D-3443-4197-8994-364880FC1B9B}.NASM Debug|Win32.Build.0 = Debug|Win32
		{584EA69D-3443-4197-8994-364880FC1B9B}.NASM Release|Win32.ActiveCfg = Release|Win32
		{584EA69D-3443-4197-8994-364880FC1B9B}.NASM Release|Win32.Build.0 = Release|Win32
		{584EA69D-3443-4197-8994-364880FC1B9B}.Release Static|Win32.ActiveCfg = Release|Win32
		{584EA69D-3443-4197-8994-364880FC1B9B}.Release Static|Win32.Build.0 = Release|Win32
		{584EA69D-3443-4197-8994-364880FC1B9B}.Release|Win32.ActiveCfg = Release|Win32
		{584EA69D-3443-4197-8994-364880FC1B9B}.Release|Win32.Build.0 = Release|Win32
		{92F0AC7C-E63F-4456-9D4E-9ECF0653622D}.Beta|Win32.ActiveCfg = Release|Win32
		{92F0AC7C-E63F-4456-9D4E-9ECF0653622D}.Beta|Win32.Build.0 = Release|Win32
		{92F0AC7C-E63F-4456-9D4E-9ECF0653622D}.Debug Static|Win32.ActiveCfg = Debug|Win32
		{92F0AC7C-E63F-4456-9D4E-9ECF0653622D}.Debug Static|Win32.Build.0 = Debug|Win32
		{92F0AC7C-E63F-4456-9D4E-9ECF0653622D}.Debug|Win32.ActiveCfg = Debug|Win32
		{92F0AC7C-E63F-4456-9D4E-9ECF0653622D}.Debug|Win32.Build.0 = Debug|Win32
		{92F0AC7C-E63F-4456-9D4E-9ECF0653622D}.DLL-Import Debug|Win32.ActiveCfg = Debug|Win32
		{92F0AC7C-E63F-4456-9D4E-9ECF0653622D}.DLL-Import Debug|Win32.Build.0 = Debug|Win32
		{92F0AC7C-E63F-4456-9D4E-9ECF0653622D}.DLL-Import Release|Win32.ActiveCfg = Release|Win32
		{92F0AC7C-E63F-4456-9D4E-9ECF0653622D}.DLL-Import Release|Win32.Build.0 = Release|Win32
		{92F0AC7C-E63F-4456-9D4E-9ECF0653622D}.LIB ASM Debug|Win32.ActiveCfg = Debug|Win32
		{92F0AC7C-E63F-4456-9D4E-9ECF0653622D}.LIB ASM Debug|Win32.Build.0 = Debug|Win32
		{92F0AC7C-E63F-4456-9D4E-9ECF0653622D}.LIB ASM Release|Win32.ActiveCfg = Release|Win32
		{92F0AC7C-E63F-4456-9D4E-9ECF0653622D}.LIB ASM Release|Win32.Build.0 = Release|Win32
		{92F0AC7C-E63F-4456-9D4E-9ECF0653622D}.LIB Debug|Win32.ActiveCfg = Debug|Win32
		{92F0AC7C-E63F-4456-9D4E-9ECF0653622D}.LIB Debug|Win32.Build.0 = Debug|Win32
		{92F0AC7C-E63F-4456-9D4E-9ECF0653622D}.LIB Release|Win32.ActiveCfg = Release|Win32
		{92F0AC7C-E63F-4456-9D4E-9ECF0653622D}.LIB Release|Win32.Build.0 = Release|Win32
		{92F0AC7C-E63F-4456-9D4E-9ECF0653622D}.NASM Debug|Win32.ActiveCfg = Debug|Win32
		{92F0AC7C-E63F-4456-9D4E-9ECF0653622D}.NASM Debug|Win32.Build.0 = Debug|Win32
		{92F0AC7C-E63F-4456-9D4E-9ECF0653622D}.NASM Release|Win32.ActiveCfg = Release|Win32
		{92F0AC7C-E63F-4456-9D4E-9ECF0653622D}.NASM Release|Win32.Build.0 = Release|Win32
		{92F0AC7C-E63F-4456-9D4E-9ECF0653622D}.Release Static|Win32.ActiveCfg = Release|Win32
		{92F0AC7C-E63F-4456-9D4E-9ECF0653622D}.Release Static|Win32.Build.0 = Release|Win32
		{92F0AC7C-E63F-4456-9D4E-9ECF0653622D}.Release|Win32.ActiveCfg = Release|Win32
		{92F0AC7C-E63F-4456-9D4E-9ECF0653622D}.Release|Win32.Build.0 = Release|Win32
		{3423EC9A-52E4-4A4D-9753-EDEBC38785EF}.Beta|Win32.ActiveCfg = DLL-Import Debug|Win32
		{3423EC9A-52E4-4A4D-9753-EDEBC38785EF}.Beta|Win32.Build.0 = DLL-Import Debug|Win32
		{3423EC9A-52E4-4A4D-9753-EDEBC38785EF}.Debug Static|Win32.ActiveCfg = Debug|Win32
		{3423EC9A-52E4-4A4D-9753-EDEBC38785EF}.Debug Static|Win32.Build.0 = Debug|Win32
		{3423EC9A-52E4-4A4D-9753-EDEBC38785EF}.Debug|Win32.ActiveCfg = Debug|Win32
		{3423EC9A-52E4-4A4D-9753-EDEBC38785EF}.Debug|Win32.Build.0 = Debug|Win32
		{3423EC9A-52E4-4A4D-9753-EDEBC38785EF}.DLL-Import Debug|Win32.ActiveCfg = DLL-Import Debug|Win32
		{3423EC9A-52E4-4A4D-9753-EDEBC38785EF}.DLL-Import Debug|Win32.Build.0 = DLL-Import Debug|Win32
		{3423EC9A-52E4-4A4D-9753-EDEBC38785EF}.DLL-Import Release|Win32.ActiveCfg = DLL-Import Release|Win32
		{3423EC9A-52E4-4A4D-9753-EDEBC38785EF}.DLL-Import Release|Win32.Build.0 = DLL-Import Release|Win32
		{3423EC9A-52E4-4A4D-9753-EDEBC38785EF}.LIB ASM Debug|Win32.ActiveCfg = Debug|Win32
		{3423EC9A-52E4-4A4D-9753-EDEBC38785EF}.LIB ASM Debug|Win32.Build.0 = Debug|Win32
		{3423EC9A-52E4-4A4D-9753-EDEBC38785EF}.LIB ASM Release|Win32.ActiveCfg = Release|Win32
		{3423EC9A-52E4-4A4D-9753-EDEBC38785EF}.LIB ASM Release|Win32.Build.0 = Release|Win32
		{3423EC9A-52E4-4A4D-9753-EDEBC38785EF}.LIB Debug|Win32.ActiveCfg = Debug|Win32
		{3423EC9A-52E4-4A4D-9753-EDEBC38785EF}.LIB Debug|Win32.Build.0 = Debug|Win32
		{3423EC9A-52E4-4A4D-9753-EDEBC38785EF}.LIB Release|Win32.ActiveCfg = Release|Win32
		{3423EC9A-52E4-4A4D-9753-EDEBC38785EF}.LIB Release|Win32.Build.0 = Release|Win32
		{3423EC9A-52E4-4A4D-9753-EDEBC38785EF}.NASM Debug|Win32.ActiveCfg = Debug|Win32
		{3423EC9A-52E4-4A4D-9753-EDEBC38785EF}.NASM Debug|Win32.Build.0 = Debug|Win32
		{3423EC9A-52E4-4A4D-9753-EDEBC38785EF}.NASM Release|Win32.ActiveCfg = Release|Win32
		{3423EC9A-52E4-4A4D-9753-EDEBC38785EF}.NASM Release|Win32.Build.0 = Release|Win32
		{3423EC9A-52E4-4A4D-9753-EDEBC38785EF}.Release Static|Win32.ActiveCfg = Release|Win32
		{3423EC9A-52E4-4A4D-9753-EDEBC38785EF}.Release Static|Win32.Build.0 = Release|Win32
		{3423EC9A-52E4-4A4D-9753-EDEBC38785EF}.Release|Win32.ActiveCfg = Release|Win32
		{3423EC9A-52E4-4A4D-9753-EDEBC38785EF}.Release|Win32.Build.0 = Release|Win32
		{CB00E729-0EB4-45BE-807D-9654F37B6C98}.Beta|Win32.ActiveCfg = Debug|Win32
		{CB00E729-0EB4-45BE-807D-9654F37B6C98}.Beta|Win32.Build.0 = Debug|Win32
		{CB00E729-0EB4-45BE-807D-9654F37B6C98}.Debug Static|Win32.ActiveCfg = Debug Static|Win32
		{CB00E729-0EB4-45BE-807D-9654F37B6C98}.Debug Static|Win32.Build.0 = Debug Static|Win32
		{CB00E729-0EB4-45BE-807D-9654F37B6C98}.Debug|Win32.ActiveCfg = Debug|Win32
		{CB00E729-0EB4-45BE-807D-9654F37B6C98}.Debug|Win32.Build.0 = Debug|Win32
		{CB00E729-0EB4-45BE-807D-9654F37B6C98}.DLL-Import Debug|Win32.ActiveCfg = Debug|Win32
		{CB00E729-0EB4-45BE-807D-9654F37B6C98}.DLL-Import Debug|Win32.Build.0 = Debug|Win32
		{CB00E729-0EB4-45BE-807D-9654F37B6C98}.DLL-Import Release|Win32.ActiveCfg = Release|Win32
		{CB00E729-0EB4-45BE-807D-9654F37B6C98}.DLL-Import Release|Win32.Build.0 = Release|Win32
		{CB00E729-0EB4-45BE-807D-9654F37B6C98}.LIB ASM Debug|Win32.ActiveCfg = Debug|Win32
		{CB00E729-0EB4-45BE-807D-9654F37B6C98}.LIB ASM Debug|Win32.Build.0 = Debug|Win32
		{CB00E729-0EB4-45BE-807D-9654F37B6C98}.LIB ASM Release|Win32.ActiveCfg = Release|Win32
		{CB00E729-0EB4-45BE-807D-9654F37B6C98}.LIB ASM Release|Win32.Build.0 = Release|Win32
		{CB00E729-0EB4-45BE-807D-9654F37B6C98}.LIB Debug|Win32.ActiveCfg = Debug|Win32
		{CB00E729-0EB4-45BE-807D-9654F37B6C98}.LIB Debug|Win32.Build.0 = Debug|Win32
		{CB00E729-0EB4-45BE-807D-9654F37B6C98}.LIB Release|Win32.ActiveCfg = Release|Win32
		{CB00E729-0EB4-45BE-807D-9654F37B6C98}.LIB Release|Win32.Build.0 = Release|Win32
		{CB00E729-0EB4-45BE-807D-9654F37B6C98}.NASM Debug|Win32.ActiveCfg = Debug|Win32
		{CB00E729-0EB4-45BE-807D-9654F37B6C98}.NASM Debug|Win32.Build.0 = Debug|Win32
		{CB00E729-0EB4-45BE-807D-9654F37B6C98}.NASM Release|Win32.ActiveCfg = Release|Win32
		{CB00E729-0EB4-45BE-807D-9654F37B6C98}.NASM Release|Win32.Build.0 = Release|Win32
		{CB00E729-0EB4-45BE-807D-9654F37B6C98}.Release Static|Win32.ActiveCfg = Release Static|Win32
		{CB00E729-0EB4-45BE-807D-9654F37B6C98}.Release Static|Win32.Build.0 = Release Static|Win32
		{CB00E729-0EB4-45BE-807D-9654F37B6C98}.Release|Win32.ActiveCfg = Release|Win32
		{CB00E729-0EB4-45BE-807D-9654F37B6C98}.Release|Win32.Build.0 = Release|Win32
		{F5906333-9A0A-4FE6-B7AA-AA7960C035D3}.Beta|Win32.ActiveCfg = LIB ASM Debug|Win32
		{F5906333-9A0A-4FE6-B7AA-AA7960C035D3}.Beta|Win32.Build.0 = LIB ASM Debug|Win32
		{F5906333-9A0A-4FE6-B7AA-AA7960C035D3}.Debug Static|Win32.ActiveCfg = Debug|Win32
		{F5906333-9A0A-4FE6-B7AA-AA7960C035D3}.Debug Static|Win32.Build.0 = Debug|Win32
		{F5906333-9A0A-4FE6-B7AA-AA7960C035D3}.Debug|Win32.ActiveCfg = Debug|Win32
		{F5906333-9A0A-4FE6-B7AA-AA7960C035D3}.Debug|Win32.Build.0 = Debug|Win32
		{F5906333-9A0A-4FE6-B7AA-AA7960C035D3}.DLL-Import Debug|Win32.ActiveCfg = Debug|Win32
		{F5906333-9A0A-4FE6-B7AA-AA7960C035D3}.DLL-Import Debug|Win32.Build.0 = Debug|Win32
		{F5906333-9A0A-4FE6-B7AA-AA7960C035D3}.DLL-Import Release|Win32.ActiveCfg = Release|Win32
		{F5906333-9A0A-4FE6-B7AA-AA7960C035D3}.DLL-Import Release|Win32.Build.0 = Release|Win32
		{F5906333-9A0A-4FE6-B7AA-AA7960C035D3}.LIB ASM Debug|Win32.ActiveCfg = LIB ASM Debug|Win32
		{F5906333-9A0A-4FE6-B7AA-AA7960C035D3}.LIB ASM Debug|Win32.Build.0 = LIB ASM Debug|Win32
		{F5906333-9A0A-4FE6-B7AA-AA7960C035D3}.LIB ASM Release|Win32.ActiveCfg = LIB ASM Release|Win32
		{F5906333-9A0A-4FE6-B7AA-AA7960C035D3}.LIB ASM Release|Win32.Build.0 = LIB ASM Release|Win32
		{F5906333-9A0A-4FE6-B7AA-AA7960C035D3}.LIB Debug|Win32.ActiveCfg = Debug|Win32
		{F5906333-9A0A-4FE6-B7AA-AA7960C035D3}.LIB Debug|Win32.Build.0 = Debug|Win32
		{F5906333-9A0A-4FE6-B7AA-AA7960C035D3}.LIB Release|Win32.ActiveCfg = Release|Win32
		{F5906333-9A0A-4FE6-B7AA-AA7960C035D3}.LIB Release|Win32.Build.0 = Release|Win32
		{F5906333-9A0A-4FE6-B7AA-AA7960C035D3}.NASM Debug|Win32.ActiveCfg = Debug|Win32
		{F5906333-9A0A-4FE6-B7AA-AA7960C035D3}.NASM Debug|Win32.Build.0 = Debug|Win32
		{F5906333-9A0A-4FE6-B7AA-AA7960C035D3}.NASM Release|Win32.ActiveCfg = Release|Win32
		{F5906333-9A0A-4FE6-B7AA-AA7960C035D3}.NASM Release|Win32.Build.0 = Release|Win32
		{F5906333-9A0A-4FE6-B7AA-AA7960C035D3}.Release Static|Win32.ActiveCfg = Release|Win32
		{F5906333-9A0A-4FE6-B7AA-AA7960C035D3}.Release Static|Win32.Build.0 = Release|Win32
		{F5906333-9A0A-4FE6-B7AA-AA7960C035D3}.Release|Win32.ActiveCfg = Release|Win32
		{F5906333-9A0A-4FE6-B7AA-AA7960C035D3}.Release|Win32.Build.0 = Release|Win32
		{350B721F-9E77-4FBE-AEE0-3CBB08E0CD22}.Beta|Win32.ActiveCfg = Release|Win32
		{350B721F-9E77-4FBE-AEE0-3CBB08E0CD22}.Beta|Win32.Build.0 = Release|Win32
		{350B721F-9E77-4FBE-AEE0-3CBB08E0CD22}.Debug Static|Win32.ActiveCfg = Debug|Win32
		{350B721F-9E77-4FBE-AEE0-3CBB08E0CD22}.Debug Static|Win32.Build.0 = Debug|Win32
		{350B721F-9E77-4FBE-AEE0-3CBB08E0CD22}.Debug|Win32.ActiveCfg = Debug|Win32
		{350B721F-9E77-4FBE-AEE0-3CBB08E0CD22}.Debug|Win32.Build.0 = Debug|Win32
		{350B721F-9E77-4FBE-AEE0-3CBB08E0CD22}.DLL-Import Debug|Win32.ActiveCfg = Debug|Win32
		{350B721F-9E77-4FBE-AEE0-3CBB08E0CD22}.DLL-Import Debug|Win32.Build.0 = Debug|Win32
		{350B721F-9E77-4FBE-AEE0-3CBB08E0CD22}.DLL-Import Release|Win32.ActiveCfg = Release|Win32
		{350B721F-9E77-4FBE-AEE0-3CBB08E0CD22}.DLL-Import Release|Win32.Build.0 = Release|Win32
		{350B721F-9E77-4FBE-AEE0-3CBB08E0CD22}.LIB ASM Debug|Win32.ActiveCfg = Debug|Win32
		{350B721F-9E77-4FBE-AEE0-3CBB08E0CD22}.LIB ASM Debug|Win32.Build.0 = Debug|Win32
		{350B721F-9E77-4FBE-AEE0-3CBB08E0CD22}.LIB ASM Release|Win32.ActiveCfg = Release|Win32
		{350B721F-9E77-4FBE-AEE0-3CBB08E0CD22}.LIB ASM Release|Win32.Build.0 = Release|Win32
		{350B721F-9E77-4FBE-AEE0-3CBB08E0CD22}.LIB Debug|Win32.ActiveCfg = LIB Debug|Win32
		{350B721F-9E77-4FBE-AEE0-3CBB08E0CD22}.LIB Debug|Win32.Build.0 = LIB Debug|Win32
		{350B721F-9E77-4FBE-AEE0-3CBB08E0CD22}.LIB Release|Win32.ActiveCfg = LIB Release|Win32
		{350B721F-9E77-4FBE-AEE0-3CBB08E0CD22}.LIB Release|Win32.Build.0 = LIB Release|Win32
		{350B721F-9E77-4FBE-AEE0-3CBB08E0CD22}.NASM Debug|Win32.ActiveCfg = Debug|Win32
		{350B721F-9E77-4FBE-AEE0-3CBB08E0CD22}.NASM Debug|Win32.Build.0 = Debug|Win32
		{350B721F-9E77-4FBE-AEE0-3CBB08E0CD22}.NASM Release|Win32.ActiveCfg = Release|Win32
		{350B721F-9E77-4FBE-AEE0-3CBB08E0CD22}.NASM Release|Win32.Build.0 = Release|Win32
		{350B721F-9E77-4FBE-AEE0-3CBB08E0CD22}.Release Static|Win32.ActiveCfg = Release|Win32
		{350B721F-9E77-4FBE-AEE0-3CBB08E0CD22}.Release Static|Win32.Build.0 = Release|Win32
		{350B721F-9E77-4FBE-AEE0-3CBB08E0CD22}.Release|Win32.ActiveCfg = Release|Win32
		{350B721F-9E77-4FBE-AEE0-3CBB08E0CD22}.Release|Win32.Build.0 = Release|Win32
		{EF2CE65C-A75B-4CF4-AEB5-41E3E6B85B73}.Beta|Win32.ActiveCfg = Debug|Win32
		{EF2CE65C-A75B-4CF4-AEB5-41E3E6B85B73}.Beta|Win32.Build.0 = Debug|Win32
		{EF2CE65C-A75B-4CF4-AEB5-41E3E6B85B73}.Debug Static|Win32.ActiveCfg = Debug|Win32
		{EF2CE65C-A75B-4CF4-AEB5-41E3E6B85B73}.Debug Static|Win32.Build.0 = Debug|Win32
		{EF2CE65C-A75B-4CF4-AEB5-41E3E6B85B73}.Debug|Win32.ActiveCfg = Debug|Win32
		{EF2CE65C-A75B-4CF4-AEB5-41E3E6B85B73}.Debug|Win32.Build.0 = Debug|Win32
		{EF2CE65C-A75B-4CF4-AEB5-41E3E6B85B73}.DLL-Import Debug|Win32.ActiveCfg = Debug|Win32
		{EF2CE65C-A75B-4CF4-AEB5-41E3E6B85B73}.DLL-Import Debug|Win32.Build.0 = Debug|Win32
		{EF2CE65C-A75B-4CF4-AEB5-41E3E6B85B73}.DLL-Import Release|Win32.ActiveCfg = Release|Win32
		{EF2CE65C-A75B-4CF4-AEB5-41E3E6B85B73}.DLL-Import Release|Win32.Build.0 = Release|Win32
		{EF2CE65C-A75B-4CF4-AEB5-41E3E6B85B73}.LIB ASM Debug|Win32.ActiveCfg = Debug|Win32
		{EF2CE65C-A75B-4CF4-AEB5-41E3E6B85B73}.LIB ASM Debug|Win32.Build.0 = Debug|Win32
		{EF2CE65C-A75B-4CF4-AEB5-41E3E6B85B73}.LIB ASM Release|Win32.ActiveCfg = Release|Win32
		{EF2CE65C-A75B-4CF4-AEB5-41E3E6B85B73}.LIB ASM Release|Win32.Build.0 = Release|Win32
		{EF2CE65C-A75B-4CF4-AEB5-41E3E6B85B73}.LIB Debug|Win32.ActiveCfg = Debug|Win32
		{EF2CE65C-A75B-4CF4-AEB5-41E3E6B85B73}.LIB Debug|Win32.Build.0 = Debug|Win32
		{EF2CE65C-A75B-4CF4-AEB5-41E3E6B85B73}.LIB Release|Win32.ActiveCfg = Release|Win32
		{EF2CE65C-A75B-4CF4-AEB5-41E3E6B85B73}.LIB Release|Win32.Build.0 = Release|Win32
		{EF2CE65C-A75B-4CF4-AEB5-41E3E6B85B73}.NASM Debug|Win32.ActiveCfg = Debug|Win32
		{EF2CE65C-A75B-4CF4-AEB5-41E3E6B85B73}.NASM Debug|Win32.Build.0 = Debug|Win32
		{EF2CE65C-A75B-4CF4-AEB5-41E3E6B85B73}.NASM Release|Win32.ActiveCfg = Release|Win32
		{EF2CE65C-A75B-4CF4-AEB5-41E3E6B85B73}.NASM Release|Win32.Build.0 = Release|Win32
		{EF2CE65C-A75B-4CF4-AEB5-41E3E6B85B73}.Release Static|Win32.ActiveCfg = Release|Win32
		{EF2CE65C-A75B-4CF4-AEB5-41E3E6B85B73}.Release Static|Win32.Build.0 = Release|Win32
		{EF2CE65C-A75B-4CF4-AEB5-41E3E6B85B73}.Release|Win32.ActiveCfg = Release|Win32
		{EF2CE65C-A75B-4CF4-AEB5-41E3E6B85B73}.Release|Win32.Build.0 = Release|Win32
	EndGlobalSection
	GlobalSection(SolutionProperties) = preSolution
		HideSolutionNode = FALSE
	EndGlobalSection
	GlobalSection(DevPartner) = postSolution
	EndGlobalSection
	GlobalSection(DevPartner) = postSolution
	EndGlobalSection
	GlobalSection(DevPartner) = postSolution
	EndGlobalSection
	GlobalSection(DevPartner) = postSolution
	EndGlobalSection
	GlobalSection(DevPartner) = postSolution
	EndGlobalSection
EndGlobal
