
Microsoft Visual Studio Solution File, Format Version 10.00
# Visual Studio 2008
Project("{8BC9CEB8-8B4A-11D0-8D11-00A0C91BC942}") = "WinsockSkeleton", "WinsockSkeleton\WinsockSkeleton.vcproj", "{F3DB3B45-91AF-47F2-83F0-98BCCC8E1DB3}"
EndProject
Project("{8BC9CEB8-8B4A-11D0-8D11-00A0C91BC942}") = "TcpServer", "TcpServer\TcpServer.vcproj", "{01909B6F-509C-4B65-A9BA-9061B4BD7959}"
EndProject
Project("{8BC9CEB8-8B4A-11D0-8D11-00A0C91BC942}") = "TcpClient", "TcpClient\TcpClient.vcproj", "{D748E512-DB84-4F4F-A118-FF5D9BBFC18E}"
EndProject
Project("{8BC9CEB8-8B4A-11D0-8D11-00A0C91BC942}") = "TcpReceiver", "TcpReceiver\TcpReceiver.vcproj", "{27D1A7BF-3557-4856-AEC8-8FFE2ED352D0}"
EndProject
Project("{8BC9CEB8-8B4A-11D0-8D11-00A0C91BC942}") = "TcpSender", "TcpSender\TcpSender.vcproj", "{330FAEC9-BB3C-4DF1-A51B-7E2E6A44A4A0}"
EndProject
Project("{8BC9CEB8-8B4A-11D0-8D11-00A0C91BC942}") = "UDPReceiver", "UDPReceiver\UDPReceiver.vcproj", "{7261CC2B-E608-4421-A4BD-84F5C9A3E20C}"
EndProject
Project("{8BC9CEB8-8B4A-11D0-8D11-00A0C91BC942}") = "UDPSender", "UDPSender\UDPSender.vcproj", "{375E6A20-227C-42F4-902C-335B2403C510}"
EndProject
Project("{8BC9CEB8-8B4A-11D0-8D11-00A0C91BC942}") = "Callbackaccept", "Callbackaccept\Callbackaccept.vcproj", "{161C7F0C-68A2-4250-BE98-7E4505389005}"
EndProject
Project("{8BC9CEB8-8B4A-11D0-8D11-00A0C91BC942}") = "CallbackacceptEx", "CallbackacceptEx\CallbackacceptEx.vcproj", "{8A820F50-B58F-42B1-A98E-B4A6BC1C281F}"
EndProject
Project("{8BC9CEB8-8B4A-11D0-8D11-00A0C91BC942}") = "Chapter5TestClient", "Chapter5TestClient\Chapter5TestClient.vcproj", "{F8B0D4A0-A927-499C-8064-3B16060B100E}"
EndProject
Project("{8BC9CEB8-8B4A-11D0-8D11-00A0C91BC942}") = "IOComplete", "IOComplete\IOComplete.vcproj", "{7D5E92C3-9ACF-42D4-91A0-F488E516F26A}"
EndProject
Project("{8BC9CEB8-8B4A-11D0-8D11-00A0C91BC942}") = "OverlappedModel", "OverlappedModel\OverlappedModel.vcproj", "{640BFEC6-722A-456F-A451-94596717870D}"
EndProject
Project("{8BC9CEB8-8B4A-11D0-8D11-00A0C91BC942}") = "OverlappedModelAcceptEx", "OverlappedModelAcceptEx\OverlappedModelAcceptEx.vcproj", "{33DFA32F-2120-4C4A-9069-CA99C157866F}"
EndProject
Project("{8BC9CEB8-8B4A-11D0-8D11-00A0C91BC942}") = "Socketioselect", "Socketioselect\Socketioselect.vcproj", "{2B3C4380-EACC-43CD-8694-6B794A50829A}"
EndProject
Project("{8BC9CEB8-8B4A-11D0-8D11-00A0C91BC942}") = "WSAAsyncSelect", "WSAAsyncSelect\WSAAsyncSelect.vcproj", "{AA38F434-4E55-43DD-A4F4-15F57663D5B5}"
EndProject
Project("{8BC9CEB8-8B4A-11D0-8D11-00A0C91BC942}") = "WSAEventSelect", "WSAEventSelect\WSAEventSelect.vcproj", "{A79D515F-2463-47B6-BE0B-B77B4C237CE2}"
EndProject
Project("{8BC9CEB8-8B4A-11D0-8D11-00A0C91BC942}") = "IOComplePortServer", "IOComplePortServer\IOComplePortServer.vcproj", "{B30AB0BE-5745-4DCB-8DB6-DEFE629A1C4D}"
EndProject
Project("{8BC9CEB8-8B4A-11D0-8D11-00A0C91BC942}") = "multicastexample", "Multicastexample\multicastexample.vcproj", "{CED0A4D3-EE9B-4450-9F61-5FA8490FDE0A}"
EndProject
Project("{8BC9CEB8-8B4A-11D0-8D11-00A0C91BC942}") = "mcastws1", "Mcastws1\mcastws1.vcproj", "{A41EA13C-95DD-4CB6-B6EA-0A2D9F4E939A}"
EndProject
Project("{8BC9CEB8-8B4A-11D0-8D11-00A0C91BC942}") = "ip_wsajoinleaf", "IP_wsajoinleaf\ip_wsajoinleaf.vcproj", "{69335642-D7F2-48B7-A461-C917AEF08F66}"
EndProject
Project("{8BC9CEB8-8B4A-11D0-8D11-00A0C91BC942}") = "atmmulticastexample", "ATMmulticastexample\atmmulticastexample.vcproj", "{C9B9ED96-9955-4FF7-84F1-EEF97B4072A3}"
EndProject
Project("{8BC9CEB8-8B4A-11D0-8D11-00A0C91BC942}") = "IP_Sourcemcastv3", "IP_Sourcemcastv3\IP_Sourcemcastv3.vcproj", "{5CBB5DC2-6DFD-4697-8F2A-3D37C70018D4}"
EndProject
Global
	GlobalSection(SolutionConfigurationPlatforms) = preSolution
		Debug|Win32 = Debug|Win32
		Release|Win32 = Release|Win32
	EndGlobalSection
	GlobalSection(ProjectConfigurationPlatforms) = postSolution
		{F3DB3B45-91AF-47F2-83F0-98BCCC8E1DB3}.Debug|Win32.ActiveCfg = Debug|Win32
		{F3DB3B45-91AF-47F2-83F0-98BCCC8E1DB3}.Debug|Win32.Build.0 = Debug|Win32
		{F3DB3B45-91AF-47F2-83F0-98BCCC8E1DB3}.Release|Win32.ActiveCfg = Release|Win32
		{F3DB3B45-91AF-47F2-83F0-98BCCC8E1DB3}.Release|Win32.Build.0 = Release|Win32
		{01909B6F-509C-4B65-A9BA-9061B4BD7959}.Debug|Win32.ActiveCfg = Debug|Win32
		{01909B6F-509C-4B65-A9BA-9061B4BD7959}.Debug|Win32.Build.0 = Debug|Win32
		{01909B6F-509C-4B65-A9BA-9061B4BD7959}.Release|Win32.ActiveCfg = Release|Win32
		{01909B6F-509C-4B65-A9BA-9061B4BD7959}.Release|Win32.Build.0 = Release|Win32
		{D748E512-DB84-4F4F-A118-FF5D9BBFC18E}.Debug|Win32.ActiveCfg = Debug|Win32
		{D748E512-DB84-4F4F-A118-FF5D9BBFC18E}.Debug|Win32.Build.0 = Debug|Win32
		{D748E512-DB84-4F4F-A118-FF5D9BBFC18E}.Release|Win32.ActiveCfg = Release|Win32
		{D748E512-DB84-4F4F-A118-FF5D9BBFC18E}.Release|Win32.Build.0 = Release|Win32
		{27D1A7BF-3557-4856-AEC8-8FFE2ED352D0}.Debug|Win32.ActiveCfg = Debug|Win32
		{27D1A7BF-3557-4856-AEC8-8FFE2ED352D0}.Debug|Win32.Build.0 = Debug|Win32
		{27D1A7BF-3557-4856-AEC8-8FFE2ED352D0}.Release|Win32.ActiveCfg = Release|Win32
		{27D1A7BF-3557-4856-AEC8-8FFE2ED352D0}.Release|Win32.Build.0 = Release|Win32
		{330FAEC9-BB3C-4DF1-A51B-7E2E6A44A4A0}.Debug|Win32.ActiveCfg = Debug|Win32
		{330FAEC9-BB3C-4DF1-A51B-7E2E6A44A4A0}.Debug|Win32.Build.0 = Debug|Win32
		{330FAEC9-BB3C-4DF1-A51B-7E2E6A44A4A0}.Release|Win32.ActiveCfg = Release|Win32
		{330FAEC9-BB3C-4DF1-A51B-7E2E6A44A4A0}.Release|Win32.Build.0 = Release|Win32
		{7261CC2B-E608-4421-A4BD-84F5C9A3E20C}.Debug|Win32.ActiveCfg = Debug|Win32
		{7261CC2B-E608-4421-A4BD-84F5C9A3E20C}.Debug|Win32.Build.0 = Debug|Win32
		{7261CC2B-E608-4421-A4BD-84F5C9A3E20C}.Release|Win32.ActiveCfg = Release|Win32
		{7261CC2B-E608-4421-A4BD-84F5C9A3E20C}.Release|Win32.Build.0 = Release|Win32
		{375E6A20-227C-42F4-902C-335B2403C510}.Debug|Win32.ActiveCfg = Debug|Win32
		{375E6A20-227C-42F4-902C-335B2403C510}.Debug|Win32.Build.0 = Debug|Win32
		{375E6A20-227C-42F4-902C-335B2403C510}.Release|Win32.ActiveCfg = Release|Win32
		{375E6A20-227C-42F4-902C-335B2403C510}.Release|Win32.Build.0 = Release|Win32
		{161C7F0C-68A2-4250-BE98-7E4505389005}.Debug|Win32.ActiveCfg = Debug|Win32
		{161C7F0C-68A2-4250-BE98-7E4505389005}.Debug|Win32.Build.0 = Debug|Win32
		{161C7F0C-68A2-4250-BE98-7E4505389005}.Release|Win32.ActiveCfg = Release|Win32
		{161C7F0C-68A2-4250-BE98-7E4505389005}.Release|Win32.Build.0 = Release|Win32
		{8A820F50-B58F-42B1-A98E-B4A6BC1C281F}.Debug|Win32.ActiveCfg = Debug|Win32
		{8A820F50-B58F-42B1-A98E-B4A6BC1C281F}.Debug|Win32.Build.0 = Debug|Win32
		{8A820F50-B58F-42B1-A98E-B4A6BC1C281F}.Release|Win32.ActiveCfg = Release|Win32
		{8A820F50-B58F-42B1-A98E-B4A6BC1C281F}.Release|Win32.Build.0 = Release|Win32
		{F8B0D4A0-A927-499C-8064-3B16060B100E}.Debug|Win32.ActiveCfg = Debug|Win32
		{F8B0D4A0-A927-499C-8064-3B16060B100E}.Debug|Win32.Build.0 = Debug|Win32
		{F8B0D4A0-A927-499C-8064-3B16060B100E}.Release|Win32.ActiveCfg = Release|Win32
		{F8B0D4A0-A927-499C-8064-3B16060B100E}.Release|Win32.Build.0 = Release|Win32
		{7D5E92C3-9ACF-42D4-91A0-F488E516F26A}.Debug|Win32.ActiveCfg = Debug|Win32
		{7D5E92C3-9ACF-42D4-91A0-F488E516F26A}.Debug|Win32.Build.0 = Debug|Win32
		{7D5E92C3-9ACF-42D4-91A0-F488E516F26A}.Release|Win32.ActiveCfg = Release|Win32
		{7D5E92C3-9ACF-42D4-91A0-F488E516F26A}.Release|Win32.Build.0 = Release|Win32
		{640BFEC6-722A-456F-A451-94596717870D}.Debug|Win32.ActiveCfg = Debug|Win32
		{640BFEC6-722A-456F-A451-94596717870D}.Debug|Win32.Build.0 = Debug|Win32
		{640BFEC6-722A-456F-A451-94596717870D}.Release|Win32.ActiveCfg = Release|Win32
		{640BFEC6-722A-456F-A451-94596717870D}.Release|Win32.Build.0 = Release|Win32
		{33DFA32F-2120-4C4A-9069-CA99C157866F}.Debug|Win32.ActiveCfg = Debug|Win32
		{33DFA32F-2120-4C4A-9069-CA99C157866F}.Debug|Win32.Build.0 = Debug|Win32
		{33DFA32F-2120-4C4A-9069-CA99C157866F}.Release|Win32.ActiveCfg = Release|Win32
		{33DFA32F-2120-4C4A-9069-CA99C157866F}.Release|Win32.Build.0 = Release|Win32
		{2B3C4380-EACC-43CD-8694-6B794A50829A}.Debug|Win32.ActiveCfg = Debug|Win32
		{2B3C4380-EACC-43CD-8694-6B794A50829A}.Debug|Win32.Build.0 = Debug|Win32
		{2B3C4380-EACC-43CD-8694-6B794A50829A}.Release|Win32.ActiveCfg = Release|Win32
		{2B3C4380-EACC-43CD-8694-6B794A50829A}.Release|Win32.Build.0 = Release|Win32
		{AA38F434-4E55-43DD-A4F4-15F57663D5B5}.Debug|Win32.ActiveCfg = Debug|Win32
		{AA38F434-4E55-43DD-A4F4-15F57663D5B5}.Debug|Win32.Build.0 = Debug|Win32
		{AA38F434-4E55-43DD-A4F4-15F57663D5B5}.Release|Win32.ActiveCfg = Release|Win32
		{AA38F434-4E55-43DD-A4F4-15F57663D5B5}.Release|Win32.Build.0 = Release|Win32
		{A79D515F-2463-47B6-BE0B-B77B4C237CE2}.Debug|Win32.ActiveCfg = Debug|Win32
		{A79D515F-2463-47B6-BE0B-B77B4C237CE2}.Debug|Win32.Build.0 = Debug|Win32
		{A79D515F-2463-47B6-BE0B-B77B4C237CE2}.Release|Win32.ActiveCfg = Release|Win32
		{A79D515F-2463-47B6-BE0B-B77B4C237CE2}.Release|Win32.Build.0 = Release|Win32
		{B30AB0BE-5745-4DCB-8DB6-DEFE629A1C4D}.Debug|Win32.ActiveCfg = Debug|Win32
		{B30AB0BE-5745-4DCB-8DB6-DEFE629A1C4D}.Debug|Win32.Build.0 = Debug|Win32
		{B30AB0BE-5745-4DCB-8DB6-DEFE629A1C4D}.Release|Win32.ActiveCfg = Release|Win32
		{B30AB0BE-5745-4DCB-8DB6-DEFE629A1C4D}.Release|Win32.Build.0 = Release|Win32
		{CED0A4D3-EE9B-4450-9F61-5FA8490FDE0A}.Debug|Win32.ActiveCfg = Debug|Win32
		{CED0A4D3-EE9B-4450-9F61-5FA8490FDE0A}.Debug|Win32.Build.0 = Debug|Win32
		{CED0A4D3-EE9B-4450-9F61-5FA8490FDE0A}.Release|Win32.ActiveCfg = Release|Win32
		{CED0A4D3-EE9B-4450-9F61-5FA8490FDE0A}.Release|Win32.Build.0 = Release|Win32
		{A41EA13C-95DD-4CB6-B6EA-0A2D9F4E939A}.Debug|Win32.ActiveCfg = Debug|Win32
		{A41EA13C-95DD-4CB6-B6EA-0A2D9F4E939A}.Debug|Win32.Build.0 = Debug|Win32
		{A41EA13C-95DD-4CB6-B6EA-0A2D9F4E939A}.Release|Win32.ActiveCfg = Release|Win32
		{A41EA13C-95DD-4CB6-B6EA-0A2D9F4E939A}.Release|Win32.Build.0 = Release|Win32
		{69335642-D7F2-48B7-A461-C917AEF08F66}.Debug|Win32.ActiveCfg = Debug|Win32
		{69335642-D7F2-48B7-A461-C917AEF08F66}.Debug|Win32.Build.0 = Debug|Win32
		{69335642-D7F2-48B7-A461-C917AEF08F66}.Release|Win32.ActiveCfg = Release|Win32
		{69335642-D7F2-48B7-A461-C917AEF08F66}.Release|Win32.Build.0 = Release|Win32
		{C9B9ED96-9955-4FF7-84F1-EEF97B4072A3}.Debug|Win32.ActiveCfg = Debug|Win32
		{C9B9ED96-9955-4FF7-84F1-EEF97B4072A3}.Debug|Win32.Build.0 = Debug|Win32
		{C9B9ED96-9955-4FF7-84F1-EEF97B4072A3}.Release|Win32.ActiveCfg = Release|Win32
		{C9B9ED96-9955-4FF7-84F1-EEF97B4072A3}.Release|Win32.Build.0 = Release|Win32
		{5CBB5DC2-6DFD-4697-8F2A-3D37C70018D4}.Debug|Win32.ActiveCfg = Debug|Win32
		{5CBB5DC2-6DFD-4697-8F2A-3D37C70018D4}.Debug|Win32.Build.0 = Debug|Win32
		{5CBB5DC2-6DFD-4697-8F2A-3D37C70018D4}.Release|Win32.ActiveCfg = Release|Win32
		{5CBB5DC2-6DFD-4697-8F2A-3D37C70018D4}.Release|Win32.Build.0 = Release|Win32
	EndGlobalSection
	GlobalSection(SolutionProperties) = preSolution
		HideSolutionNode = FALSE
	EndGlobalSection
EndGlobal
